
Microsoft Visual Studio Solution File, Format Version 12.00
Project("{2150E333-8FDC-42A3-9474-1A3956D46DE8}") = "src", "src", "{B94AAAA7-BDC6-4665-967C-2BE5B55E7AF4}"
EndProject
Project("{2150E333-8FDC-42A3-9474-1A3956D46DE8}") = "tests", "tests", "{3E38D69C-35F8-437E-87F2-C5DE6C5C1D6B}"
EndProject
Project("{2150E333-8FDC-42A3-9474-1A3956D46DE8}") = "sandboxes", "sandboxes", "{8EA6D1E0-6DF1-4EAB-9013-C71788BB6B1D}"
EndProject
Project("{FAE04EC0-301F-11D3-BF4B-00C04F79EFBC}") = "Sandbox.Console", "sandboxes\Sandbox.Console\Sandbox.Console.csproj", "{FE43BE31-2430-44E0-801B-89413607526D}"
EndProject
Project("{FAE04EC0-301F-11D3-BF4B-00C04F79EFBC}") = "LasseVK.Bootstrapping", "src\LasseVK.Bootstrapping\LasseVK.Bootstrapping.csproj", "{EBF7F0B0-E9BE-41C4-BC51-13748199E161}"
EndProject
Project("{FAE04EC0-301F-11D3-BF4B-00C04F79EFBC}") = "LasseVK.Events", "src\LasseVK.Events\LasseVK.Events.csproj", "{30166A2F-C74B-46E2-8CE4-395828A7C1A4}"
EndProject
Project("{FAE04EC0-301F-11D3-BF4B-00C04F79EFBC}") = "LasseVK.Jobs", "src\LasseVK.Jobs\LasseVK.Jobs.csproj", "{3D95163E-D82E-4130-89AA-DDC7C495943E}"
EndProject
Project("{FAE04EC0-301F-11D3-BF4B-00C04F79EFBC}") = "LasseVK.Core.Tests", "tests\LasseVK.Core.Tests\LasseVK.Core.Tests.csproj", "{B22CFAEA-382F-4A55-8AFA-42D4361B3CB6}"
EndProject
Project("{FAE04EC0-301F-11D3-BF4B-00C04F79EFBC}") = "LasseVK.Bootstrapping.Tests", "tests\LasseVK.Bootstrapping.Tests\LasseVK.Bootstrapping.Tests.csproj", "{649B9CFE-D04C-4CF6-A646-AB9C6D160A13}"
EndProject
Project("{FAE04EC0-301F-11D3-BF4B-00C04F79EFBC}") = "LasseVK.Events.Tests", "tests\LasseVK.Events.Tests\LasseVK.Events.Tests.csproj", "{C73F640F-7B37-40BA-B766-EBA25601D7C2}"
EndProject
Project("{FAE04EC0-301F-11D3-BF4B-00C04F79EFBC}") = "LasseVK.Jobs.Tests", "tests\LasseVK.Jobs.Tests\LasseVK.Jobs.Tests.csproj", "{8E2F57C1-D16F-48CA-A102-D33624905CFE}"
EndProject
Project("{FAE04EC0-301F-11D3-BF4B-00C04F79EFBC}") = "LasseVK.Jobs.PostgreSQL", "src\LasseVK.Jobs.PostgreSQL\LasseVK.Jobs.PostgreSQL.csproj", "{DD02AB0E-7BE1-4267-937A-8ED8BE06ED19}"
EndProject
Project("{FAE04EC0-301F-11D3-BF4B-00C04F79EFBC}") = "LasseVK.Configuration", "LasseVK.Configuration\LasseVK.Configuration.csproj", "{4F357B4D-7C7C-45DA-9F07-23F314C441C6}"
EndProject
Project("{FAE04EC0-301F-11D3-BF4B-00C04F79EFBC}") = "LasseVK.Pushover", "LasseVK.Pushover\LasseVK.Pushover.csproj", "{EC3CEFB8-553E-4D0B-B527-992DDA4ABAE9}"
EndProject
Project("{FAE04EC0-301F-11D3-BF4B-00C04F79EFBC}") = "LasseVK.EntityComponentSystem", "srv\LasseVK.EntityComponentSystem\LasseVK.EntityComponentSystem.csproj", "{821C0697-FCC2-47A7-90BC-5F8134EE8C6D}"
EndProject
Project("{FAE04EC0-301F-11D3-BF4B-00C04F79EFBC}") = "LasseVK.AssemblyLine", "src\LasseVK.AssemblyLine\LasseVK.AssemblyLine.csproj", "{3E687F39-67F9-4ECA-8B13-87C757C6B3D7}"
EndProject
Project("{FAE04EC0-301F-11D3-BF4B-00C04F79EFBC}") = "LasseVK.EntityComponentSystem.Tests", "tests\LasseVK.EntityComponentSystem.Tests\LasseVK.EntityComponentSystem.Tests.csproj", "{A6ADB8BB-F4E8-4E57-A79E-111706AB1BAD}"
EndProject
Project("{FAE04EC0-301F-11D3-BF4B-00C04F79EFBC}") = "LasseVK.AssemblyLine.Tests", "tests\LasseVK.AssemblyLine.Tests\LasseVK.AssemblyLine.Tests.csproj", "{00775894-91A1-4768-9895-27D44DE97B09}"
EndProject
Global
	GlobalSection(SolutionConfigurationPlatforms) = preSolution
		Debug|Any CPU = Debug|Any CPU
		Release|Any CPU = Release|Any CPU
	EndGlobalSection
	GlobalSection(NestedProjects) = preSolution
		{FE43BE31-2430-44E0-801B-89413607526D} = {8EA6D1E0-6DF1-4EAB-9013-C71788BB6B1D}
		{EBF7F0B0-E9BE-41C4-BC51-13748199E161} = {B94AAAA7-BDC6-4665-967C-2BE5B55E7AF4}
		{30166A2F-C74B-46E2-8CE4-395828A7C1A4} = {B94AAAA7-BDC6-4665-967C-2BE5B55E7AF4}
		{3D95163E-D82E-4130-89AA-DDC7C495943E} = {B94AAAA7-BDC6-4665-967C-2BE5B55E7AF4}
		{B22CFAEA-382F-4A55-8AFA-42D4361B3CB6} = {3E38D69C-35F8-437E-87F2-C5DE6C5C1D6B}
		{649B9CFE-D04C-4CF6-A646-AB9C6D160A13} = {3E38D69C-35F8-437E-87F2-C5DE6C5C1D6B}
		{C73F640F-7B37-40BA-B766-EBA25601D7C2} = {3E38D69C-35F8-437E-87F2-C5DE6C5C1D6B}
		{8E2F57C1-D16F-48CA-A102-D33624905CFE} = {3E38D69C-35F8-437E-87F2-C5DE6C5C1D6B}
		{DD02AB0E-7BE1-4267-937A-8ED8BE06ED19} = {B94AAAA7-BDC6-4665-967C-2BE5B55E7AF4}
		{4F357B4D-7C7C-45DA-9F07-23F314C441C6} = {B94AAAA7-BDC6-4665-967C-2BE5B55E7AF4}
		{EC3CEFB8-553E-4D0B-B527-992DDA4ABAE9} = {B94AAAA7-BDC6-4665-967C-2BE5B55E7AF4}
		{821C0697-FCC2-47A7-90BC-5F8134EE8C6D} = {B94AAAA7-BDC6-4665-967C-2BE5B55E7AF4}
		{3E687F39-67F9-4ECA-8B13-87C757C6B3D7} = {B94AAAA7-BDC6-4665-967C-2BE5B55E7AF4}
		{A6ADB8BB-F4E8-4E57-A79E-111706AB1BAD} = {3E38D69C-35F8-437E-87F2-C5DE6C5C1D6B}
		{00775894-91A1-4768-9895-27D44DE97B09} = {3E38D69C-35F8-437E-87F2-C5DE6C5C1D6B}
	EndGlobalSection
	GlobalSection(ProjectConfigurationPlatforms) = postSolution
		{FE43BE31-2430-44E0-801B-89413607526D}.Debug|Any CPU.ActiveCfg = Debug|Any CPU
		{FE43BE31-2430-44E0-801B-89413607526D}.Debug|Any CPU.Build.0 = Debug|Any CPU
		{FE43BE31-2430-44E0-801B-89413607526D}.Release|Any CPU.ActiveCfg = Release|Any CPU
		{FE43BE31-2430-44E0-801B-89413607526D}.Release|Any CPU.Build.0 = Release|Any CPU
		{EBF7F0B0-E9BE-41C4-BC51-13748199E161}.Debug|Any CPU.ActiveCfg = Debug|Any CPU
		{EBF7F0B0-E9BE-41C4-BC51-13748199E161}.Debug|Any CPU.Build.0 = Debug|Any CPU
		{EBF7F0B0-E9BE-41C4-BC51-13748199E161}.Release|Any CPU.ActiveCfg = Release|Any CPU
		{EBF7F0B0-E9BE-41C4-BC51-13748199E161}.Release|Any CPU.Build.0 = Release|Any CPU
		{30166A2F-C74B-46E2-8CE4-395828A7C1A4}.Debug|Any CPU.ActiveCfg = Debug|Any CPU
		{30166A2F-C74B-46E2-8CE4-395828A7C1A4}.Debug|Any CPU.Build.0 = Debug|Any CPU
		{30166A2F-C74B-46E2-8CE4-395828A7C1A4}.Release|Any CPU.ActiveCfg = Release|Any CPU
		{30166A2F-C74B-46E2-8CE4-395828A7C1A4}.Release|Any CPU.Build.0 = Release|Any CPU
		{3D95163E-D82E-4130-89AA-DDC7C495943E}.Debug|Any CPU.ActiveCfg = Debug|Any CPU
		{3D95163E-D82E-4130-89AA-DDC7C495943E}.Debug|Any CPU.Build.0 = Debug|Any CPU
		{3D95163E-D82E-4130-89AA-DDC7C495943E}.Release|Any CPU.ActiveCfg = Release|Any CPU
		{3D95163E-D82E-4130-89AA-DDC7C495943E}.Release|Any CPU.Build.0 = Release|Any CPU
		{B22CFAEA-382F-4A55-8AFA-42D4361B3CB6}.Debug|Any CPU.ActiveCfg = Debug|Any CPU
		{B22CFAEA-382F-4A55-8AFA-42D4361B3CB6}.Debug|Any CPU.Build.0 = Debug|Any CPU
		{B22CFAEA-382F-4A55-8AFA-42D4361B3CB6}.Release|Any CPU.ActiveCfg = Release|Any CPU
		{B22CFAEA-382F-4A55-8AFA-42D4361B3CB6}.Release|Any CPU.Build.0 = Release|Any CPU
		{649B9CFE-D04C-4CF6-A646-AB9C6D160A13}.Debug|Any CPU.ActiveCfg = Debug|Any CPU
		{649B9CFE-D04C-4CF6-A646-AB9C6D160A13}.Debug|Any CPU.Build.0 = Debug|Any CPU
		{649B9CFE-D04C-4CF6-A646-AB9C6D160A13}.Release|Any CPU.ActiveCfg = Release|Any CPU
		{649B9CFE-D04C-4CF6-A646-AB9C6D160A13}.Release|Any CPU.Build.0 = Release|Any CPU
		{C73F640F-7B37-40BA-B766-EBA25601D7C2}.Debug|Any CPU.ActiveCfg = Debug|Any CPU
		{C73F640F-7B37-40BA-B766-EBA25601D7C2}.Debug|Any CPU.Build.0 = Debug|Any CPU
		{C73F640F-7B37-40BA-B766-EBA25601D7C2}.Release|Any CPU.ActiveCfg = Release|Any CPU
		{C73F640F-7B37-40BA-B766-EBA25601D7C2}.Release|Any CPU.Build.0 = Release|Any CPU
		{8E2F57C1-D16F-48CA-A102-D33624905CFE}.Debug|Any CPU.ActiveCfg = Debug|Any CPU
		{8E2F57C1-D16F-48CA-A102-D33624905CFE}.Debug|Any CPU.Build.0 = Debug|Any CPU
		{8E2F57C1-D16F-48CA-A102-D33624905CFE}.Release|Any CPU.ActiveCfg = Release|Any CPU
		{8E2F57C1-D16F-48CA-A102-D33624905CFE}.Release|Any CPU.Build.0 = Release|Any CPU
		{DD02AB0E-7BE1-4267-937A-8ED8BE06ED19}.Debug|Any CPU.ActiveCfg = Debug|Any CPU
		{DD02AB0E-7BE1-4267-937A-8ED8BE06ED19}.Debug|Any CPU.Build.0 = Debug|Any CPU
		{DD02AB0E-7BE1-4267-937A-8ED8BE06ED19}.Release|Any CPU.ActiveCfg = Release|Any CPU
		{DD02AB0E-7BE1-4267-937A-8ED8BE06ED19}.Release|Any CPU.Build.0 = Release|Any CPU
		{4F357B4D-7C7C-45DA-9F07-23F314C441C6}.Debug|Any CPU.ActiveCfg = Debug|Any CPU
		{4F357B4D-7C7C-45DA-9F07-23F314C441C6}.Debug|Any CPU.Build.0 = Debug|Any CPU
		{4F357B4D-7C7C-45DA-9F07-23F314C441C6}.Release|Any CPU.ActiveCfg = Release|Any CPU
		{4F357B4D-7C7C-45DA-9F07-23F314C441C6}.Release|Any CPU.Build.0 = Release|Any CPU
		{EC3CEFB8-553E-4D0B-B527-992DDA4ABAE9}.Debug|Any CPU.ActiveCfg = Debug|Any CPU
		{EC3CEFB8-553E-4D0B-B527-992DDA4ABAE9}.Debug|Any CPU.Build.0 = Debug|Any CPU
		{EC3CEFB8-553E-4D0B-B527-992DDA4ABAE9}.Release|Any CPU.ActiveCfg = Release|Any CPU
		{EC3CEFB8-553E-4D0B-B527-992DDA4ABAE9}.Release|Any CPU.Build.0 = Release|Any CPU
		{821C0697-FCC2-47A7-90BC-5F8134EE8C6D}.Debug|Any CPU.ActiveCfg = Debug|Any CPU
		{821C0697-FCC2-47A7-90BC-5F8134EE8C6D}.Debug|Any CPU.Build.0 = Debug|Any CPU
		{821C0697-FCC2-47A7-90BC-5F8134EE8C6D}.Release|Any CPU.ActiveCfg = Release|Any CPU
		{821C0697-FCC2-47A7-90BC-5F8134EE8C6D}.Release|Any CPU.Build.0 = Release|Any CPU
		{3E687F39-67F9-4ECA-8B13-87C757C6B3D7}.Debug|Any CPU.ActiveCfg = Debug|Any CPU
		{3E687F39-67F9-4ECA-8B13-87C757C6B3D7}.Debug|Any CPU.Build.0 = Debug|Any CPU
		{3E687F39-67F9-4ECA-8B13-87C757C6B3D7}.Release|Any CPU.ActiveCfg = Release|Any CPU
		{3E687F39-67F9-4ECA-8B13-87C757C6B3D7}.Release|Any CPU.Build.0 = Release|Any CPU
		{A6ADB8BB-F4E8-4E57-A79E-111706AB1BAD}.Debug|Any CPU.ActiveCfg = Debug|Any CPU
		{A6ADB8BB-F4E8-4E57-A79E-111706AB1BAD}.Debug|Any CPU.Build.0 = Debug|Any CPU
		{A6ADB8BB-F4E8-4E57-A79E-111706AB1BAD}.Release|Any CPU.ActiveCfg = Release|Any CPU
		{A6ADB8BB-F4E8-4E57-A79E-111706AB1BAD}.Release|Any CPU.Build.0 = Release|Any CPU
		{00775894-91A1-4768-9895-27D44DE97B09}.Debug|Any CPU.ActiveCfg = Debug|Any CPU
		{00775894-91A1-4768-9895-27D44DE97B09}.Debug|Any CPU.Build.0 = Debug|Any CPU
		{00775894-91A1-4768-9895-27D44DE97B09}.Release|Any CPU.ActiveCfg = Release|Any CPU
		{00775894-91A1-4768-9895-27D44DE97B09}.Release|Any CPU.Build.0 = Release|Any CPU
	EndGlobalSection
EndGlobal
